
Microsoft Visual Studio Solution File, Format Version 12.00
# Visual Studio Version 17
VisualStudioVersion = 17.4.33205.214
MinimumVisualStudioVersion = 10.0.40219.1
Project("{FAE04EC0-301F-11D3-BF4B-00C04F79EFBC}") = "ToDoListApplication", "ToDoListApplication\ToDoListApplication.csproj", "{A9409E0F-4BC2-4233-8529-22E0CBD5C86C}"
EndProject
Global
	GlobalSection(SolutionConfigurationPlatforms) = preSolution
		Debug|Any CPU = Debug|Any CPU
		Release|Any CPU = Release|Any CPU
	EndGlobalSection
	GlobalSection(ProjectConfigurationPlatforms) = postSolution
		{A9409E0F-4BC2-4233-8529-22E0CBD5C86C}.Debug|Any CPU.ActiveCfg = Debug|Any CPU
		{A9409E0F-4BC2-4233-8529-22E0CBD5C86C}.Debug|Any CPU.Build.0 = Debug|Any CPU
		{A9409E0F-4BC2-4233-8529-22E0CBD5C86C}.Release|Any CPU.ActiveCfg = Release|Any CPU
		{A9409E0F-4BC2-4233-8529-22E0CBD5C86C}.Release|Any CPU.Build.0 = Release|Any CPU
	EndGlobalSection
	GlobalSection(SolutionProperties) = preSolution
		HideSolutionNode = FALSE
	EndGlobalSection
	GlobalSection(ExtensibilityGlobals) = postSolution
		SolutionGuid = {C30404E1-F807-4CDD-B83A-D619AC552103}
	EndGlobalSection
EndGlobal
